
Microsoft Visual Studio Solution File, Format Version 11.00
# Visual Studio 2010
Project("{FAE04EC0-301F-11D3-BF4B-00C04F79EFBC}") = "DevicesSimulationApp", "DevicesSimulationApp\DevicesSimulationApp.csproj", "{1437C4A8-80DC-485D-A8CB-67BB11D98582}"
EndProject
Project("{FAE04EC0-301F-11D3-BF4B-00C04F79EFBC}") = "DevicesSimulationApp.Test", "DevicesSimulationApp.Test\DevicesSimulationApp.Test.csproj", "{031C324B-66E5-467D-ADCE-0BAC4F376640}"
EndProject
Project("{2150E333-8FDC-42A3-9474-1A3956D46DE8}") = "Solution Items", "Solution Items", "{9F35BB3E-513B-4FE0-937C-98B4F28B0A53}"
	ProjectSection(SolutionItems) = preProject
		DevicesSimulation.vsmdi = DevicesSimulation.vsmdi
		Local.testsettings = Local.testsettings
		TraceAndTestImpact.testsettings = TraceAndTestImpact.testsettings
	EndProjectSection
EndProject
Project("{FAE04EC0-301F-11D3-BF4B-00C04F79EFBC}") = "MvvmLight1", "MvvmLight1\MvvmLight1.csproj", "{950D0500-29D1-4480-B319-B57C187B8AF1}"
EndProject
Project("{FAE04EC0-301F-11D3-BF4B-00C04F79EFBC}") = "MvvmDevicesSimApp", "MvvmDevicesSimApp\MvvmDevicesSimApp.csproj", "{20AD4552-9809-4E27-95EA-EFF93B5CACC5}"
EndProject
Project("{FAE04EC0-301F-11D3-BF4B-00C04F79EFBC}") = "DeviceSimulation.Domain", "DeviceSimulation.Domain\DeviceSimulation.Domain.csproj", "{C06CF66F-C277-4441-984D-C4009979870A}"
EndProject
Project("{FAE04EC0-301F-11D3-BF4B-00C04F79EFBC}") = "DevicesSimulationWindow", "DevicesSimulationWindow\DevicesSimulationWindow.csproj", "{9EF59D2A-09CD-4008-A775-DD66ED3E7DA2}"
EndProject
Project("{FAE04EC0-301F-11D3-BF4B-00C04F79EFBC}") = "DeviceSimulation.Infrastructure", "DeviceSimulation.Infrastructure\DeviceSimulation.Infrastructure.csproj", "{D4247199-8A75-4064-B030-BCC959D6862B}"
EndProject
Project("{FAE04EC0-301F-11D3-BF4B-00C04F79EFBC}") = "DeviceSimulation.Services", "DevicesSimulation.Services\DeviceSimulation.Services.csproj", "{543CE681-5485-41D9-AD05-2B214A9BD887}"
EndProject
Global
	GlobalSection(TestCaseManagementSettings) = postSolution
		CategoryFile = DevicesSimulation.vsmdi
	EndGlobalSection
	GlobalSection(SolutionConfigurationPlatforms) = preSolution
		Debug|Any CPU = Debug|Any CPU
		Debug|Mixed Platforms = Debug|Mixed Platforms
		Debug|x86 = Debug|x86
		Release|Any CPU = Release|Any CPU
		Release|Mixed Platforms = Release|Mixed Platforms
		Release|x86 = Release|x86
	EndGlobalSection
	GlobalSection(ProjectConfigurationPlatforms) = postSolution
		{1437C4A8-80DC-485D-A8CB-67BB11D98582}.Debug|Any CPU.ActiveCfg = Debug|x86
		{1437C4A8-80DC-485D-A8CB-67BB11D98582}.Debug|Mixed Platforms.ActiveCfg = Debug|x86
		{1437C4A8-80DC-485D-A8CB-67BB11D98582}.Debug|Mixed Platforms.Build.0 = Debug|x86
		{1437C4A8-80DC-485D-A8CB-67BB11D98582}.Debug|x86.ActiveCfg = Debug|x86
		{1437C4A8-80DC-485D-A8CB-67BB11D98582}.Debug|x86.Build.0 = Debug|x86
		{1437C4A8-80DC-485D-A8CB-67BB11D98582}.Release|Any CPU.ActiveCfg = Release|x86
		{1437C4A8-80DC-485D-A8CB-67BB11D98582}.Release|Mixed Platforms.ActiveCfg = Release|x86
		{1437C4A8-80DC-485D-A8CB-67BB11D98582}.Release|Mixed Platforms.Build.0 = Release|x86
		{1437C4A8-80DC-485D-A8CB-67BB11D98582}.Release|x86.ActiveCfg = Release|x86
		{1437C4A8-80DC-485D-A8CB-67BB11D98582}.Release|x86.Build.0 = Release|x86
		{031C324B-66E5-467D-ADCE-0BAC4F376640}.Debug|Any CPU.ActiveCfg = Debug|Any CPU
		{031C324B-66E5-467D-ADCE-0BAC4F376640}.Debug|Any CPU.Build.0 = Debug|Any CPU
		{031C324B-66E5-467D-ADCE-0BAC4F376640}.Debug|Mixed Platforms.ActiveCfg = Debug|Any CPU
		{031C324B-66E5-467D-ADCE-0BAC4F376640}.Debug|Mixed Platforms.Build.0 = Debug|Any CPU
		{031C324B-66E5-467D-ADCE-0BAC4F376640}.Debug|x86.ActiveCfg = Debug|Any CPU
		{031C324B-66E5-467D-ADCE-0BAC4F376640}.Release|Any CPU.ActiveCfg = Release|Any CPU
		{031C324B-66E5-467D-ADCE-0BAC4F376640}.Release|Any CPU.Build.0 = Release|Any CPU
		{031C324B-66E5-467D-ADCE-0BAC4F376640}.Release|Mixed Platforms.ActiveCfg = Release|Any CPU
		{031C324B-66E5-467D-ADCE-0BAC4F376640}.Release|Mixed Platforms.Build.0 = Release|Any CPU
		{031C324B-66E5-467D-ADCE-0BAC4F376640}.Release|x86.ActiveCfg = Release|Any CPU
		{950D0500-29D1-4480-B319-B57C187B8AF1}.Debug|Any CPU.ActiveCfg = Debug|Any CPU
		{950D0500-29D1-4480-B319-B57C187B8AF1}.Debug|Any CPU.Build.0 = Debug|Any CPU
		{950D0500-29D1-4480-B319-B57C187B8AF1}.Debug|Mixed Platforms.ActiveCfg = Debug|Any CPU
		{950D0500-29D1-4480-B319-B57C187B8AF1}.Debug|Mixed Platforms.Build.0 = Debug|Any CPU
		{950D0500-29D1-4480-B319-B57C187B8AF1}.Debug|x86.ActiveCfg = Debug|Any CPU
		{950D0500-29D1-4480-B319-B57C187B8AF1}.Release|Any CPU.ActiveCfg = Release|Any CPU
		{950D0500-29D1-4480-B319-B57C187B8AF1}.Release|Any CPU.Build.0 = Release|Any CPU
		{950D0500-29D1-4480-B319-B57C187B8AF1}.Release|Mixed Platforms.ActiveCfg = Release|Any CPU
		{950D0500-29D1-4480-B319-B57C187B8AF1}.Release|Mixed Platforms.Build.0 = Release|Any CPU
		{950D0500-29D1-4480-B319-B57C187B8AF1}.Release|x86.ActiveCfg = Release|Any CPU
		{20AD4552-9809-4E27-95EA-EFF93B5CACC5}.Debug|Any CPU.ActiveCfg = Debug|Any CPU
		{20AD4552-9809-4E27-95EA-EFF93B5CACC5}.Debug|Any CPU.Build.0 = Debug|Any CPU
		{20AD4552-9809-4E27-95EA-EFF93B5CACC5}.Debug|Mixed Platforms.ActiveCfg = Debug|Any CPU
		{20AD4552-9809-4E27-95EA-EFF93B5CACC5}.Debug|Mixed Platforms.Build.0 = Debug|Any CPU
		{20AD4552-9809-4E27-95EA-EFF93B5CACC5}.Debug|x86.ActiveCfg = Debug|Any CPU
		{20AD4552-9809-4E27-95EA-EFF93B5CACC5}.Release|Any CPU.ActiveCfg = Release|Any CPU
		{20AD4552-9809-4E27-95EA-EFF93B5CACC5}.Release|Any CPU.Build.0 = Release|Any CPU
		{20AD4552-9809-4E27-95EA-EFF93B5CACC5}.Release|Mixed Platforms.ActiveCfg = Release|Any CPU
		{20AD4552-9809-4E27-95EA-EFF93B5CACC5}.Release|Mixed Platforms.Build.0 = Release|Any CPU
		{20AD4552-9809-4E27-95EA-EFF93B5CACC5}.Release|x86.ActiveCfg = Release|Any CPU
		{C06CF66F-C277-4441-984D-C4009979870A}.Debug|Any CPU.ActiveCfg = Debug|Any CPU
		{C06CF66F-C277-4441-984D-C4009979870A}.Debug|Any CPU.Build.0 = Debug|Any CPU
		{C06CF66F-C277-4441-984D-C4009979870A}.Debug|Mixed Platforms.ActiveCfg = Debug|Any CPU
		{C06CF66F-C277-4441-984D-C4009979870A}.Debug|Mixed Platforms.Build.0 = Debug|Any CPU
		{C06CF66F-C277-4441-984D-C4009979870A}.Debug|x86.ActiveCfg = Debug|Any CPU
		{C06CF66F-C277-4441-984D-C4009979870A}.Release|Any CPU.ActiveCfg = Release|Any CPU
		{C06CF66F-C277-4441-984D-C4009979870A}.Release|Any CPU.Build.0 = Release|Any CPU
		{C06CF66F-C277-4441-984D-C4009979870A}.Release|Mixed Platforms.ActiveCfg = Release|Any CPU
		{C06CF66F-C277-4441-984D-C4009979870A}.Release|Mixed Platforms.Build.0 = Release|Any CPU
		{C06CF66F-C277-4441-984D-C4009979870A}.Release|x86.ActiveCfg = Release|Any CPU
		{9EF59D2A-09CD-4008-A775-DD66ED3E7DA2}.Debug|Any CPU.ActiveCfg = Debug|Any CPU
		{9EF59D2A-09CD-4008-A775-DD66ED3E7DA2}.Debug|Any CPU.Build.0 = Debug|Any CPU
		{9EF59D2A-09CD-4008-A775-DD66ED3E7DA2}.Debug|Mixed Platforms.ActiveCfg = Debug|Any CPU
		{9EF59D2A-09CD-4008-A775-DD66ED3E7DA2}.Debug|Mixed Platforms.Build.0 = Debug|Any CPU
		{9EF59D2A-09CD-4008-A775-DD66ED3E7DA2}.Debug|x86.ActiveCfg = Debug|Any CPU
		{9EF59D2A-09CD-4008-A775-DD66ED3E7DA2}.Release|Any CPU.ActiveCfg = Release|Any CPU
		{9EF59D2A-09CD-4008-A775-DD66ED3E7DA2}.Release|Any CPU.Build.0 = Release|Any CPU
		{9EF59D2A-09CD-4008-A775-DD66ED3E7DA2}.Release|Mixed Platforms.ActiveCfg = Release|Any CPU
		{9EF59D2A-09CD-4008-A775-DD66ED3E7DA2}.Release|Mixed Platforms.Build.0 = Release|Any CPU
		{9EF59D2A-09CD-4008-A775-DD66ED3E7DA2}.Release|x86.ActiveCfg = Release|Any CPU
		{D4247199-8A75-4064-B030-BCC959D6862B}.Debug|Any CPU.ActiveCfg = Debug|Any CPU
		{D4247199-8A75-4064-B030-BCC959D6862B}.Debug|Any CPU.Build.0 = Debug|Any CPU
		{D4247199-8A75-4064-B030-BCC959D6862B}.Debug|Mixed Platforms.ActiveCfg = Debug|Any CPU
		{D4247199-8A75-4064-B030-BCC959D6862B}.Debug|Mixed Platforms.Build.0 = Debug|Any CPU
		{D4247199-8A75-4064-B030-BCC959D6862B}.Debug|x86.ActiveCfg = Debug|Any CPU
		{D4247199-8A75-4064-B030-BCC959D6862B}.Release|Any CPU.ActiveCfg = Release|Any CPU
		{D4247199-8A75-4064-B030-BCC959D6862B}.Release|Any CPU.Build.0 = Release|Any CPU
		{D4247199-8A75-4064-B030-BCC959D6862B}.Release|Mixed Platforms.ActiveCfg = Release|Any CPU
		{D4247199-8A75-4064-B030-BCC959D6862B}.Release|Mixed Platforms.Build.0 = Release|Any CPU
		{D4247199-8A75-4064-B030-BCC959D6862B}.Release|x86.ActiveCfg = Release|Any CPU
		{543CE681-5485-41D9-AD05-2B214A9BD887}.Debug|Any CPU.ActiveCfg = Debug|Any CPU
		{543CE681-5485-41D9-AD05-2B214A9BD887}.Debug|Any CPU.Build.0 = Debug|Any CPU
		{543CE681-5485-41D9-AD05-2B214A9BD887}.Debug|Mixed Platforms.ActiveCfg = Debug|Any CPU
		{543CE681-5485-41D9-AD05-2B214A9BD887}.Debug|Mixed Platforms.Build.0 = Debug|Any CPU
		{543CE681-5485-41D9-AD05-2B214A9BD887}.Debug|x86.ActiveCfg = Debug|Any CPU
		{543CE681-5485-41D9-AD05-2B214A9BD887}.Release|Any CPU.ActiveCfg = Release|Any CPU
		{543CE681-5485-41D9-AD05-2B214A9BD887}.Release|Any CPU.Build.0 = Release|Any CPU
		{543CE681-5485-41D9-AD05-2B214A9BD887}.Release|Mixed Platforms.ActiveCfg = Release|Any CPU
		{543CE681-5485-41D9-AD05-2B214A9BD887}.Release|Mixed Platforms.Build.0 = Release|Any CPU
		{543CE681-5485-41D9-AD05-2B214A9BD887}.Release|x86.ActiveCfg = Release|Any CPU
	EndGlobalSection
	GlobalSection(SolutionProperties) = preSolution
		HideSolutionNode = FALSE
	EndGlobalSection
EndGlobal
